
Microsoft Visual Studio Solution File, Format Version 12.00
# Visual Studio Version 17
VisualStudioVersion = 17.8.34511.84
MinimumVisualStudioVersion = 10.0.40219.1
Project("{FAE04EC0-301F-11D3-BF4B-00C04F79EFBC}") = "StockExchangeDelegate", "StockExchangeDelegate.csproj", "{1142E076-D636-4DCD-8299-FD4E34A10367}"
EndProject
Global
	GlobalSection(SolutionConfigurationPlatforms) = preSolution
		Debug|Any CPU = Debug|Any CPU
		Release|Any CPU = Release|Any CPU
	EndGlobalSection
	GlobalSection(ProjectConfigurationPlatforms) = postSolution
		{1142E076-D636-4DCD-8299-FD4E34A10367}.Debug|Any CPU.ActiveCfg = Debug|Any CPU
		{1142E076-D636-4DCD-8299-FD4E34A10367}.Debug|Any CPU.Build.0 = Debug|Any CPU
		{1142E076-D636-4DCD-8299-FD4E34A10367}.Release|Any CPU.ActiveCfg = Release|Any CPU
		{1142E076-D636-4DCD-8299-FD4E34A10367}.Release|Any CPU.Build.0 = Release|Any CPU
	EndGlobalSection
	GlobalSection(SolutionProperties) = preSolution
		HideSolutionNode = FALSE
	EndGlobalSection
	GlobalSection(ExtensibilityGlobals) = postSolution
		SolutionGuid = {0C51A4DE-BB2F-4264-AFE4-94159FDC30EC}
	EndGlobalSection
EndGlobal
